PODS:
  - RMaterialTextFieldView (0.1.0)

DEPENDENCIES:
  - RMaterialTextFieldView (from `../`)

EXTERNAL SOURCES:
  RMaterialTextFieldView:
    :path: "../"

SPEC CHECKSUMS:
  RMaterialTextFieldView: 36623de5d1e97b92d281ebb10421f9c96dd77a3a

PODFILE CHECKSUM: ce85a924805593c19c9a04cdfb8f3d6065de760d

COCOAPODS: 1.7.5
